// !$*UTF8*$!
{
	archiveVersion = 1;
	classes = {
	};
	objectVersion = 55;
	objects = {

/* Begin PBXBuildFile section */
		BD9112C9287F358A0053BBDF /* AppDelegate.swift in Sources */ = {isa = PBXBuildFile; fileRef = BD9112C8287F358A0053BBDF /* AppDelegate.swift */; };
		BD9112CB287F358A0053BBDF /* SceneDelegate.swift in Sources */ = {isa = PBXBuildFile; fileRef = BD9112CA287F358A0053BBDF /* SceneDelegate.swift */; };
		BD9112CD287F358A0053BBDF /* ViewController.swift in Sources */ = {isa = PBXBuildFile; fileRef = BD9112CC287F358A0053BBDF /* ViewController.swift */; };
		BD9112D0287F358A0053BBDF /* Main.storyboard in Resources */ = {isa = PBXBuildFile; fileRef = BD9112CE287F358A0053BBDF /* Main.storyboard */; };
		BD9112D3287F358A0053BBDF /* IntroToXCode.xcdatamodeld in Sources */ = {isa = PBXBuildFile; fileRef = BD9112D1287F358A0053BBDF /* IntroToXCode.xcdatamodeld */; };
		BD9112D5287F358C0053BBDF /* Assets.xcassets in Resources */ = {isa = PBXBuildFile; fileRef = BD9112D4287F358C0053BBDF /* Assets.xcassets */; };
		BD9112D8287F358D0053BBDF /* LaunchScreen.storyboard in Resources */ = {isa = PBXBuildFile; fileRef = BD9112D6287F358D0053BBDF /* LaunchScreen.storyboard */; };
		BDBBA81A288085F2000273A7 /* secondScreenViewController.swift in Sources */ = {isa = PBXBuildFile; fileRef = BDBBA819288085F2000273A7 /* secondScreenViewController.swift */; };
/* End PBXBuildFile section */

/* Begin PBXFileReference section */
		BD9112C5287F358A0053BBDF /* IntroToXCode.app */ = {isa = PBXFileReference; explicitFileType = wrapper.application; includeInIndex = 0; path = IntroToXCode.app; sourceTree = BUILT_PRODUCTS_DIR; };
		BD9112C8287F358A0053BBDF /* AppDelegate.swift */ = {isa = PBXFileReference; lastKnownFileType = sourcecode.swift; path = AppDelegate.swift; sourceTree = "<group>"; };
		BD9112CA287F358A0053BBDF /* SceneDelegate.swift */ = {isa = PBXFileReference; lastKnownFileType = sourcecode.swift; path = SceneDelegate.swift; sourceTree = "<group>"; };
		BD9112CC287F358A0053BBDF /* ViewController.swift */ = {isa = PBXFileReference; lastKnownFileType = sourcecode.swift; path = ViewController.swift; sourceTree = "<group>"; };
		BD9112CF287F358A0053BBDF /* Base */ = {isa = PBXFileReference; lastKnownFileType = file.storyboard; name = Base; path = Base.lproj/Main.storyboard; sourceTree = "<group>"; };
		BD9112D2287F358A0053BBDF /* IntroToXCode.xcdatamodel */ = {isa = PBXFileReference; lastKnownFileType = wrapper.xcdatamodel; path = IntroToXCode.xcdatamodel; sourceTree = "<group>"; };
		BD9112D4287F358C0053BBDF /* Assets.xcassets */ = {isa = PBXFileReference; lastKnownFileType = folder.assetcatalog; path = Assets.xcassets; sourceTree = "<group>"; };
		BD9112D7287F358D0053BBDF /* Base */ = {isa = PBXFileReference; lastKnownFileType = file.storyboard; name = Base; path = Base.lproj/LaunchScreen.storyboard; sourceTree = "<group>"; };
		BD9112D9287F358D0053BBDF /* Info.plist */ = {isa = PBXFileReference; lastKnownFileType = text.plist.xml; path = Info.plist; sourceTree = "<group>"; };
		BDBBA819288085F2000273A7 /* secondScreenViewController.swift */ = {isa = PBXFileReference; lastKnownFileType = sourcecode.swift; path = secondScreenViewController.swift; sourceTree = "<group>"; };
/* End PBXFileReference section */

/* Begin PBXFrameworksBuildPhase section */
		BD9112C2287F358A0053BBDF /* Frameworks */ = {
			isa = PBXFrameworksBuildPhase;
			buildActionMask = 2147483647;
			files = (
			);
			runOnlyForDeploymentPostprocessing = 0;
		};
/* End PBXFrameworksBuildPhase section */

/* Begin PBXGroup section */
		BD9112BC287F358A0053BBDF = {
			isa = PBXGroup;
			children = (
				BDBBA819288085F2000273A7 /* secondScreenViewController.swift */,
				BD9112C7287F358A0053BBDF /* IntroToXCode */,
				BD9112C6287F358A0053BBDF /* Products */,
			);
			sourceTree = "<group>";
		};
		BD9112C6287F358A0053BBDF /* Products */ = {
			isa = PBXGroup;
			children = (
				BD9112C5287F358A0053BBDF /* IntroToXCode.app */,
			);
			name = Products;
			sourceTree = "<group>";
		};
		BD9112C7287F358A0053BBDF /* IntroToXCode */ = {
			isa = PBXGroup;
			children = (
				BD9112C8287F358A0053BBDF /* AppDelegate.swift */,
				BD9112CA287F358A0053BBDF /* SceneDelegate.swift */,
				BD9112CC287F358A0053BBDF /* ViewController.swift */,
				BD9112CE287F358A0053BBDF /* Main.storyboard */,
				BD9112D4287F358C0053BBDF /* Assets.xcassets */,
				BD9112D6287F358D0053BBDF /* LaunchScreen.storyboard */,
				BD9112D9287F358D0053BBDF /* Info.plist */,
				BD9112D1287F358A0053BBDF /* IntroToXCode.xcdatamodeld */,
			);
			path = IntroToXCode;
			sourceTree = "<group>";
		};
/* End PBXGroup section */

/* Begin PBXNativeTarget section */
		BD9112C4287F358A0053BBDF /* IntroToXCode */ = {
			isa = PBXNativeTarget;
			buildConfigurationList = BD9112DC287F358D0053BBDF /* Build configuration list for PBXNativeTarget "IntroToXCode" */;
			buildPhases = (
				BD9112C1287F358A0053BBDF /* Sources */,
				BD9112C2287F358A0053BBDF /* Frameworks */,
				BD9112C3287F358A0053BBDF /* Resources */,
			);
			buildRules = (
			);
			dependencies = (
			);
			name = IntroToXCode;
			productName = IntroToXCode;
			productReference = BD9112C5287F358A0053BBDF /* IntroToXCode.app */;
			productType = "com.apple.product-type.application";
		};
/* End PBXNativeTarget section */

/* Begin PBXProject section */
		BD9112BD287F358A0053BBDF /* Project object */ = {
			isa = PBXProject;
			attributes = {
				BuildIndependentTargetsInParallel = 1;
				LastSwiftUpdateCheck = 1340;
				LastUpgradeCheck = 1340;
				TargetAttributes = {
					BD9112C4287F358A0053BBDF = {
						CreatedOnToolsVersion = 13.4.1;
					};
				};
			};
			buildConfigurationList = BD9112C0287F358A0053BBDF /* Build configuration list for PBXProject "IntroToXCode" */;
			compatibilityVersion = "Xcode 13.0";
			developmentRegion = en;
			hasScannedForEncodings = 0;
			knownRegions = (
				en,
				Base,
			);
			mainGroup = BD9112BC287F358A0053BBDF;
			productRefGroup = BD9112C6287F358A0053BBDF /* Products */;
			projectDirPath = "";
			projectRoot = "";
			targets = (
				BD9112C4287F358A0053BBDF /* IntroToXCode */,
			);
		};
/* End PBXProject section */

/* Begin PBXResourcesBuildPhase section */
		BD9112C3287F358A0053BBDF /* Resources */ = {
			isa = PBXResourcesBuildPhase;
			buildActionMask = 2147483647;
			files = (
				BD9112D8287F358D0053BBDF /* LaunchScreen.storyboard in Resources */,
				BD9112D5287F358C0053BBDF /* Assets.xcassets in Resources */,
				BD9112D0287F358A0053BBDF /* Main.storyboard in Resources */,
			);
			runOnlyForDeploymentPostprocessing = 0;
		};
/* End PBXResourcesBuildPhase section */

/* Begin PBXSourcesBuildPhase section */
		BD9112C1287F358A0053BBDF /* Sources */ = {
			isa = PBXSourcesBuildPhase;
			buildActionMask = 2147483647;
			files = (
				BD9112CD287F358A0053BBDF /* ViewController.swift in Sources */,
				BD9112C9287F358A0053BBDF /* AppDelegate.swift in Sources */,
				BD9112CB287F358A0053BBDF /* SceneDelegate.swift in Sources */,
				BDBBA81A288085F2000273A7 /* secondScreenViewController.swift in Sources */,
				BD9112D3287F358A0053BBDF /* IntroToXCode.xcdatamodeld in Sources */,
			);
			runOnlyForDeploymentPostprocessing = 0;
		};
/* End PBXSourcesBuildPhase section */

/* Begin PBXVariantGroup section */
		BD9112CE287F358A0053BBDF /* Main.storyboard */ = {
			isa = PBXVariantGroup;
			children = (
				BD9112CF287F358A0053BBDF /* Base */,
			);
			name = Main.storyboard;
			sourceTree = "<group>";
		};
		BD9112D6287F358D0053BBDF /* LaunchScreen.storyboard */ = {
			isa = PBXVariantGroup;
			children = (
				BD9112D7287F358D0053BBDF /* Base */,
			);
			name = LaunchScreen.storyboard;
			sourceTree = "<group>";
		};
/* End PBXVariantGroup section */

/* Begin XCBuildConfiguration section */
		BD9112DA287F358D0053BBDF /* Debug */ = {
			isa = XCBuildConfiguration;
			buildSettings = {
				ALWAYS_SEARCH_USER_PATHS = NO;
				CLANG_ANALYZER_NONNULL = YES;
				CLANG_ANALYZER_NUMBER_OBJECT_CONVERSION = YES_AGGRESSIVE;
				CLANG_CXX_LANGUAGE_STANDARD = "gnu++17";
				CLANG_ENABLE_MODULES = YES;
				CLANG_ENABLE_OBJC_ARC = YES;
				CLANG_ENABLE_OBJC_WEAK = YES;
				CLANG_WARN_BLOCK_CAPTURE_AUTORELEASING = YES;
				CLANG_WARN_BOOL_CONVERSION = YES;
				CLANG_WARN_COMMA = YES;
				CLANG_WARN_CONSTANT_CONVERSION = YES;
				CLANG_WARN_DEPRECATED_OBJC_IMPLEMENTATIONS = YES;
				CLANG_WARN_DIRECT_OBJC_ISA_USAGE = YES_ERROR;
				CLANG_WARN_DOCUMENTATION_COMMENTS = YES;
				CLANG_WARN_EMPTY_BODY = YES;
				CLANG_WARN_ENUM_CONVERSION = YES;
				CLANG_WARN_INFINITE_RECURSION = YES;
				CLANG_WARN_INT_CONVERSION = YES;
				CLANG_WARN_NON_LITERAL_NULL_CONVERSION = YES;
				CLANG_WARN_OBJC_IMPLICIT_RETAIN_SELF = YES;
				CLANG_WARN_OBJC_LITERAL_CONVERSION = YES;
				CLANG_WARN_OBJC_ROOT_CLASS = YES_ERROR;
				CLANG_WARN_QUOTED_INCLUDE_IN_FRAMEWORK_HEADER = YES;
				CLANG_WARN_RANGE_LOOP_ANALYSIS = YES;
				CLANG_WARN_STRICT_PROTOTYPES = YES;
				CLANG_WARN_SUSPICIOUS_MOVE = YES;
				CLANG_WARN_UNGUARDED_AVAILABILITY = YES_AGGRESSIVE;
				CLANG_WARN_UNREACHABLE_CODE = YES;
				CLANG_WARN__DUPLICATE_METHOD_MATCH = YES;
				COPY_PHASE_STRIP = NO;
				DEBUG_INFORMATION_FORMAT = dwarf;
				ENABLE_STRICT_OBJC_MSGSEND = YES;
				ENABLE_TESTABILITY = YES;
				GCC_C_LANGUAGE_STANDARD = gnu11;
				GCC_DYNAMIC_NO_PIC = NO;
				GCC_NO_COMMON_BLOCKS = YES;
				GCC_OPTIMIZATION_LEVEL = 0;
				GCC_PREPROCESSOR_DEFINITIONS = (
					"DEBUG=1",
					"$(inherited)",
				);
				GCC_WARN_64_TO_32_BIT_CONVERSION = YES;
				GCC_WARN_ABOUT_RETURN_TYPE = YES_ERROR;
				GCC_WARN_UNDECLARED_SELECTOR = YES;
				GCC_WARN_UNINITIALIZED_AUTOS = YES_AGGRESSIVE;
				GCC_WARN_UNUSED_FUNCTION = YES;
				GCC_WARN_UNUSED_VARIABLE = YES;
				IPHONEOS_DEPLOYMENT_TARGET = 15.5;
				MTL_ENABLE_DEBUG_INFO = INCLUDE_SOURCE;
				MTL_FAST_MATH = YES;
				ONLY_ACTIVE_ARCH = YES;
				SDKROOT = iphoneos;
				SWIFT_ACTIVE_COMPILATION_CONDITIONS = DEBUG;
				SWIFT_OPTIMIZATION_LEVEL = "-Onone";
			};
			name = Debug;
		};
		BD9112DB287F358D0053BBDF /* Release */ = {
			isa = XCBuildConfiguration;
			buildSettings = {
				ALWAYS_SEARCH_USER_PATHS = NO;
				CLANG_ANALYZER_NONNULL = YES;
				CLANG_ANALYZER_NUMBER_OBJECT_CONVERSION = YES_AGGRESSIVE;
				CLANG_CXX_LANGUAGE_STANDARD = "gnu++17";
				CLANG_ENABLE_MODULES = YES;
				CLANG_ENABLE_OBJC_ARC = YES;
				CLANG_ENABLE_OBJC_WEAK = YES;
				CLANG_WARN_BLOCK_CAPTURE_AUTORELEASING = YES;
				CLANG_WARN_BOOL_CONVERSION = YES;
				CLANG_WARN_COMMA = YES;
				CLANG_WARN_CONSTANT_CONVERSION = YES;
				CLANG_WARN_DEPRECATED_OBJC_IMPLEMENTATIONS = YES;
				CLANG_WARN_DIRECT_OBJC_ISA_USAGE = YES_ERROR;
				CLANG_WARN_DOCUMENTATION_COMMENTS = YES;
				CLANG_WARN_EMPTY_BODY = YES;
				CLANG_WARN_ENUM_CONVERSION = YES;
				CLANG_WARN_INFINITE_RECURSION = YES;
				CLANG_WARN_INT_CONVERSION = YES;
				CLANG_WARN_NON_LITERAL_NULL_CONVERSION = YES;
				CLANG_WARN_OBJC_IMPLICIT_RETAIN_SELF = YES;
				CLANG_WARN_OBJC_LITERAL_CONVERSION = YES;
				CLANG_WARN_OBJC_ROOT_CLASS = YES_ERROR;
				CLANG_WARN_QUOTED_INCLUDE_IN_FRAMEWORK_HEADER = YES;
				CLANG_WARN_RANGE_LOOP_ANALYSIS = YES;
				CLANG_WARN_STRICT_PROTOTYPES = YES;
				CLANG_WARN_SUSPICIOUS_MOVE = YES;
				CLANG_WARN_UNGUARDED_AVAILABILITY = YES_AGGRESSIVE;
				CLANG_WARN_UNREACHABLE_CODE = YES;
				CLANG_WARN__DUPLICATE_METHOD_MATCH = YES;
				COPY_PHASE_STRIP = NO;
				DEBUG_INFORMATION_FORMAT = "dwarf-with-dsym";
				ENABLE_NS_ASSERTIONS = NO;
				ENABLE_STRICT_OBJC_MSGSEND = YES;
				GCC_C_LANGUAGE_STANDARD = gnu11;
				GCC_NO_COMMON_BLOCKS = YES;
				GCC_WARN_64_TO_32_BIT_CONVERSION = YES;
				GCC_WARN_ABOUT_RETURN_TYPE = YES_ERROR;
				GCC_WARN_UNDECLARED_SELECTOR = YES;
				GCC_WARN_UNINITIALIZED_AUTOS = YES_AGGRESSIVE;
				GCC_WARN_UNUSED_FUNCTION = YES;
				GCC_WARN_UNUSED_VARIABLE = YES;
				IPHONEOS_DEPLOYMENT_TARGET = 15.5;
				MTL_ENABLE_DEBUG_INFO = NO;
				MTL_FAST_MATH = YES;
				SDKROOT = iphoneos;
				SWIFT_COMPILATION_MODE = wholemodule;
				SWIFT_OPTIMIZATION_LEVEL = "-O";
				VALIDATE_PRODUCT = YES;
			};
			name = Release;
		};
		BD9112DD287F358D0053BBDF /* Debug */ = {
			isa = XCBuildConfiguration;
			buildSettings = {
				ASSETCATALOG_COMPILER_APPICON_NAME = AppIcon;
				ASSETCATALOG_COMPILER_GLOBAL_ACCENT_COLOR_NAME = AccentColor;
				CODE_SIGN_STYLE = Automatic;
				CURRENT_PROJECT_VERSION = 1;
				GENERATE_INFOPLIST_FILE = YES;
				INFOPLIST_FILE = IntroToXCode/Info.plist;
				INFOPLIST_KEY_UIApplicationSupportsIndirectInputEvents = YES;
				INFOPLIST_KEY_UILaunchStoryboardName = LaunchScreen;
				INFOPLIST_KEY_UIMainStoryboardFile = Main;
				INFOPLIST_KEY_UISupportedInterfaceOrientations_iPad = "UIInterfaceOrientationPortrait UIInterfaceOrientationPortraitUpsideDown UIInterfaceOrientationLandscapeLeft UIInterfaceOrientationLandscapeRight";
				INFOPLIST_KEY_UISupportedInterfaceOrientations_iPhone = "UIInterfaceOrientationPortrait UIInterfaceOrientationLandscapeLeft UIInterfaceOrientationLandscapeRight";
				LD_RUNPATH_SEARCH_PATHS = (
					"$(inherited)",
					"@executable_path/Frameworks",
				);
				MARKETING_VERSION = 1.0;
				PRODUCT_BUNDLE_IDENTIFIER = CoolTeam.IntroToXCode;
				PRODUCT_NAME = "$(TARGET_NAME)";
				SWIFT_EMIT_LOC_STRINGS = YES;
				SWIFT_VERSION = 5.0;
				TARGETED_DEVICE_FAMILY = "1,2";
			};
			name = Debug;
		};
		BD9112DE287F358D0053BBDF /* Release */ = {
			isa = XCBuildConfiguration;
			buildSettings = {
				ASSETCATALOG_COMPILER_APPICON_NAME = AppIcon;
				ASSETCATALOG_COMPILER_GLOBAL_ACCENT_COLOR_NAME = AccentColor;
				CODE_SIGN_STYLE = Automatic;
				CURRENT_PROJECT_VERSION = 1;
				GENERATE_INFOPLIST_FILE = YES;
				INFOPLIST_FILE = IntroToXCode/Info.plist;
				INFOPLIST_KEY_UIApplicationSupportsIndirectInputEvents = YES;
				INFOPLIST_KEY_UILaunchStoryboardName = LaunchScreen;
				INFOPLIST_KEY_UIMainStoryboardFile = Main;
				INFOPLIST_KEY_UISupportedInterfaceOrientations_iPad = "UIInterfaceOrientationPortrait UIInterfaceOrientationPortraitUpsideDown UIInterfaceOrientationLandscapeLeft UIInterfaceOrientationLandscapeRight";
				INFOPLIST_KEY_UISupportedInterfaceOrientations_iPhone = "UIInterfaceOrientationPortrait UIInterfaceOrientationLandscapeLeft UIInterfaceOrientationLandscapeRight";
				LD_RUNPATH_SEARCH_PATHS = (
					"$(inherited)",
					"@executable_path/Frameworks",
				);
				MARKETING_VERSION = 1.0;
				PRODUCT_BUNDLE_IDENTIFIER = CoolTeam.IntroToXCode;
				PRODUCT_NAME = "$(TARGET_NAME)";
				SWIFT_EMIT_LOC_STRINGS = YES;
				SWIFT_VERSION = 5.0;
				TARGETED_DEVICE_FAMILY = "1,2";
			};
			name = Release;
		};
/* End XCBuildConfiguration section */

/* Begin XCConfigurationList section */
		BD9112C0287F358A0053BBDF /* Build configuration list for PBXProject "IntroToXCode" */ = {
			isa = XCConfigurationList;
			buildConfigurations = (
				BD9112DA287F358D0053BBDF /* Debug */,
				BD9112DB287F358D0053BBDF /* Release */,
			);
			defaultConfigurationIsVisible = 0;
			defaultConfigurationName = Release;
		};
		BD9112DC287F358D0053BBDF /* Build configuration list for PBXNativeTarget "IntroToXCode" */ = {
			isa = XCConfigurationList;
			buildConfigurations = (
				BD9112DD287F358D0053BBDF /* Debug */,
				BD9112DE287F358D0053BBDF /* Release */,
			);
			defaultConfigurationIsVisible = 0;
			defaultConfigurationName = Release;
		};
/* End XCConfigurationList section */

/* Begin XCVersionGroup section */
		BD9112D1287F358A0053BBDF /* IntroToXCode.xcdatamodeld */ = {
			isa = XCVersionGroup;
			children = (
				BD9112D2287F358A0053BBDF /* IntroToXCode.xcdatamodel */,
			);
			currentVersion = BD9112D2287F358A0053BBDF /* IntroToXCode.xcdatamodel */;
			path = IntroToXCode.xcdatamodeld;
			sourceTree = "<group>";
			versionGroupType = wrapper.xcdatamodel;
		};
/* End XCVersionGroup section */
	};
	rootObject = BD9112BD287F358A0053BBDF /* Project object */;
}
